[[package]]
category = "main"
description = "Universal Python binding for the LMDB 'Lightning' Database"
name = "lmdb"
optional = false
python-versions = "*"
version = "0.97"

[[package]]
category = "main"
description = "a little orm"
name = "peewee"
optional = false
python-versions = "*"
version = "3.10.0"

[[package]]
category = "main"
description = "A Smart Download Manager for Python"
name = "pysmartdl"
optional = false
python-versions = "*"
version = "1.3.2"

[metadata]
content-hash = "4abab5c2df01e9b8d12d7ba21e4176fadc8f262e8643b2274b19cd7ea86e7684"
python-versions = "^3.6"

[metadata.hashes]
lmdb = ["173d71ade5fd402c7e9ecb0a1d6022c92a7f89c313132ef4e5e561d349b0834b"]
peewee = ["35bc7a1373b7e5c55fa984e852cddaff9e353a42cbb0b5e0c41a5060928fd192"]
pysmartdl = ["06a161b58b4003c1d4c01a3390a1f338633af31ccb4ac198c9fa43d3c4aa9dfd", "9a96deb3ee4f4ab2279b22eb908d506f57215e1fbad290d540adcebff187a52c"]
