[[package]]
category = "main"
description = "Pony Object-Relational Mapper"
name = "pony"
optional = false
python-versions = "*"
version = "0.7.10"

[[package]]
category = "main"
description = "A Smart Download Manager for Python"
name = "pysmartdl"
optional = false
python-versions = "*"
version = "1.3.2"

[metadata]
content-hash = "05b63b52b99048adc1ce8626b586ffa2b97818a95ac2f459ce1e52bbb516ea4e"
python-versions = "^3.6"

[metadata.hashes]
pony = ["55bb9d4d12029d8c2bbbc7a284970e72225035db7e6370c0a15ec93d1886fe88"]
pysmartdl = ["06a161b58b4003c1d4c01a3390a1f338633af31ccb4ac198c9fa43d3c4aa9dfd", "9a96deb3ee4f4ab2279b22eb908d506f57215e1fbad290d540adcebff187a52c"]
